
Microsoft Visual Studio Solution File, Format Version 12.00
# Visual Studio 15
VisualStudioVersion = 15.0.26430.16
MinimumVisualStudioVersion = 10.0.40219.1
Project("{D954291E-2A0B-460D-934E-DC6B0785DB48}") = "RSR", "RSR\RSR\RSR.shproj", "{53346D30-843B-4A98-826D-61C5A075D39C}"
EndProject
Project("{FAE04EC0-301F-11D3-BF4B-00C04F79EFBC}") = "RSR.Android", "RSR\RSR.Android\RSR.Android.csproj", "{99FEABAC-4306-49F8-AB62-1626C78D9115}"
EndProject
Project("{FAE04EC0-301F-11D3-BF4B-00C04F79EFBC}") = "RSR.iOS", "RSR\RSR.iOS\RSR.iOS.csproj", "{F6C9F0C9-1096-44D4-83A1-CEECB74A4281}"
EndProject
Project("{FAE04EC0-301F-11D3-BF4B-00C04F79EFBC}") = "RSR.UWP", "RSR\RSR.UWP\RSR.UWP.csproj", "{F23A099C-1362-47F7-AD05-90D0C2ECB1A4}"
EndProject
Global
	GlobalSection(SharedMSBuildProjectFiles) = preSolution
		RSR\RSR\RSR.projitems*{53346d30-843b-4a98-826d-61c5a075d39c}*SharedItemsImports = 13
		RSR\RSR\RSR.projitems*{99feabac-4306-49f8-ab62-1626c78d9115}*SharedItemsImports = 4
		RSR\RSR\RSR.projitems*{f6c9f0c9-1096-44d4-83a1-ceecb74a4281}*SharedItemsImports = 4
	EndGlobalSection
	GlobalSection(SolutionConfigurationPlatforms) = preSolution
		Ad-Hoc|Any CPU = Ad-Hoc|Any CPU
		Ad-Hoc|ARM = Ad-Hoc|ARM
		Ad-Hoc|iPhone = Ad-Hoc|iPhone
		Ad-Hoc|iPhoneSimulator = Ad-Hoc|iPhoneSimulator
		Ad-Hoc|x64 = Ad-Hoc|x64
		Ad-Hoc|x86 = Ad-Hoc|x86
		AppStore|Any CPU = AppStore|Any CPU
		AppStore|ARM = AppStore|ARM
		AppStore|iPhone = AppStore|iPhone
		AppStore|iPhoneSimulator = AppStore|iPhoneSimulator
		AppStore|x64 = AppStore|x64
		AppStore|x86 = AppStore|x86
		Debug|Any CPU = Debug|Any CPU
		Debug|ARM = Debug|ARM
		Debug|iPhone = Debug|iPhone
		Debug|iPhoneSimulator = Debug|iPhoneSimulator
		Debug|x64 = Debug|x64
		Debug|x86 = Debug|x86
		Release|Any CPU = Release|Any CPU
		Release|ARM = Release|ARM
		Release|iPhone = Release|iPhone
		Release|iPhoneSimulator = Release|iPhoneSimulator
		Release|x64 = Release|x64
		Release|x86 = Release|x86
	EndGlobalSection
	GlobalSection(ProjectConfigurationPlatforms) = postSolution
		{99FEABAC-4306-49F8-AB62-1626C78D9115}.Ad-Hoc|Any CPU.ActiveCfg = Release|Any CPU
		{99FEABAC-4306-49F8-AB62-1626C78D9115}.Ad-Hoc|Any CPU.Build.0 = Release|Any CPU
		{99FEABAC-4306-49F8-AB62-1626C78D9115}.Ad-Hoc|Any CPU.Deploy.0 = Release|Any CPU
		{99FEABAC-4306-49F8-AB62-1626C78D9115}.Ad-Hoc|ARM.ActiveCfg = Release|Any CPU
		{99FEABAC-4306-49F8-AB62-1626C78D9115}.Ad-Hoc|ARM.Build.0 = Release|Any CPU
		{99FEABAC-4306-49F8-AB62-1626C78D9115}.Ad-Hoc|ARM.Deploy.0 = Release|Any CPU
		{99FEABAC-4306-49F8-AB62-1626C78D9115}.Ad-Hoc|iPhone.ActiveCfg = Release|Any CPU
		{99FEABAC-4306-49F8-AB62-1626C78D9115}.Ad-Hoc|iPhone.Build.0 = Release|Any CPU
		{99FEABAC-4306-49F8-AB62-1626C78D9115}.Ad-Hoc|iPhone.Deploy.0 = Release|Any CPU
		{99FEABAC-4306-49F8-AB62-1626C78D9115}.Ad-Hoc|iPhoneSimulator.ActiveCfg = Release|Any CPU
		{99FEABAC-4306-49F8-AB62-1626C78D9115}.Ad-Hoc|iPhoneSimulator.Build.0 = Release|Any CPU
		{99FEABAC-4306-49F8-AB62-1626C78D9115}.Ad-Hoc|iPhoneSimulator.Deploy.0 = Release|Any CPU
		{99FEABAC-4306-49F8-AB62-1626C78D9115}.Ad-Hoc|x64.ActiveCfg = Release|Any CPU
		{99FEABAC-4306-49F8-AB62-1626C78D9115}.Ad-Hoc|x64.Build.0 = Release|Any CPU
		{99FEABAC-4306-49F8-AB62-1626C78D9115}.Ad-Hoc|x64.Deploy.0 = Release|Any CPU
		{99FEABAC-4306-49F8-AB62-1626C78D9115}.Ad-Hoc|x86.ActiveCfg = Release|Any CPU
		{99FEABAC-4306-49F8-AB62-1626C78D9115}.Ad-Hoc|x86.Build.0 = Release|Any CPU
		{99FEABAC-4306-49F8-AB62-1626C78D9115}.Ad-Hoc|x86.Deploy.0 = Release|Any CPU
		{99FEABAC-4306-49F8-AB62-1626C78D9115}.AppStore|Any CPU.ActiveCfg = Release|Any CPU
		{99FEABAC-4306-49F8-AB62-1626C78D9115}.AppStore|Any CPU.Build.0 = Release|Any CPU
		{99FEABAC-4306-49F8-AB62-1626C78D9115}.AppStore|Any CPU.Deploy.0 = Release|Any CPU
		{99FEABAC-4306-49F8-AB62-1626C78D9115}.AppStore|ARM.ActiveCfg = Release|Any CPU
		{99FEABAC-4306-49F8-AB62-1626C78D9115}.AppStore|ARM.Build.0 = Release|Any CPU
		{99FEABAC-4306-49F8-AB62-1626C78D9115}.AppStore|ARM.Deploy.0 = Release|Any CPU
		{99FEABAC-4306-49F8-AB62-1626C78D9115}.AppStore|iPhone.ActiveCfg = Release|Any CPU
		{99FEABAC-4306-49F8-AB62-1626C78D9115}.AppStore|iPhone.Build.0 = Release|Any CPU
		{99FEABAC-4306-49F8-AB62-1626C78D9115}.AppStore|iPhone.Deploy.0 = Release|Any CPU
		{99FEABAC-4306-49F8-AB62-1626C78D9115}.AppStore|iPhoneSimulator.ActiveCfg = Release|Any CPU
		{99FEABAC-4306-49F8-AB62-1626C78D9115}.AppStore|iPhoneSimulator.Build.0 = Release|Any CPU
		{99FEABAC-4306-49F8-AB62-1626C78D9115}.AppStore|iPhoneSimulator.Deploy.0 = Release|Any CPU
		{99FEABAC-4306-49F8-AB62-1626C78D9115}.AppStore|x64.ActiveCfg = Release|Any CPU
		{99FEABAC-4306-49F8-AB62-1626C78D9115}.AppStore|x64.Build.0 = Release|Any CPU
		{99FEABAC-4306-49F8-AB62-1626C78D9115}.AppStore|x64.Deploy.0 = Release|Any CPU
		{99FEABAC-4306-49F8-AB62-1626C78D9115}.AppStore|x86.ActiveCfg = Release|Any CPU
		{99FEABAC-4306-49F8-AB62-1626C78D9115}.AppStore|x86.Build.0 = Release|Any CPU
		{99FEABAC-4306-49F8-AB62-1626C78D9115}.AppStore|x86.Deploy.0 = Release|Any CPU
		{99FEABAC-4306-49F8-AB62-1626C78D9115}.Debug|Any CPU.ActiveCfg = Debug|Any CPU
		{99FEABAC-4306-49F8-AB62-1626C78D9115}.Debug|Any CPU.Build.0 = Debug|Any CPU
		{99FEABAC-4306-49F8-AB62-1626C78D9115}.Debug|Any CPU.Deploy.0 = Debug|Any CPU
		{99FEABAC-4306-49F8-AB62-1626C78D9115}.Debug|ARM.ActiveCfg = Debug|Any CPU
		{99FEABAC-4306-49F8-AB62-1626C78D9115}.Debug|ARM.Build.0 = Debug|Any CPU
		{99FEABAC-4306-49F8-AB62-1626C78D9115}.Debug|ARM.Deploy.0 = Debug|Any CPU
		{99FEABAC-4306-49F8-AB62-1626C78D9115}.Debug|iPhone.ActiveCfg = Debug|Any CPU
		{99FEABAC-4306-49F8-AB62-1626C78D9115}.Debug|iPhone.Build.0 = Debug|Any CPU
		{99FEABAC-4306-49F8-AB62-1626C78D9115}.Debug|iPhone.Deploy.0 = Debug|Any CPU
		{99FEABAC-4306-49F8-AB62-1626C78D9115}.Debug|iPhoneSimulator.ActiveCfg = Debug|Any CPU
		{99FEABAC-4306-49F8-AB62-1626C78D9115}.Debug|iPhoneSimulator.Build.0 = Debug|Any CPU
		{99FEABAC-4306-49F8-AB62-1626C78D9115}.Debug|iPhoneSimulator.Deploy.0 = Debug|Any CPU
		{99FEABAC-4306-49F8-AB62-1626C78D9115}.Debug|x64.ActiveCfg = Debug|Any CPU
		{99FEABAC-4306-49F8-AB62-1626C78D9115}.Debug|x64.Build.0 = Debug|Any CPU
		{99FEABAC-4306-49F8-AB62-1626C78D9115}.Debug|x64.Deploy.0 = Debug|Any CPU
		{99FEABAC-4306-49F8-AB62-1626C78D9115}.Debug|x86.ActiveCfg = Debug|Any CPU
		{99FEABAC-4306-49F8-AB62-1626C78D9115}.Debug|x86.Build.0 = Debug|Any CPU
		{99FEABAC-4306-49F8-AB62-1626C78D9115}.Debug|x86.Deploy.0 = Debug|Any CPU
		{99FEABAC-4306-49F8-AB62-1626C78D9115}.Release|Any CPU.ActiveCfg = Release|Any CPU
		{99FEABAC-4306-49F8-AB62-1626C78D9115}.Release|Any CPU.Build.0 = Release|Any CPU
		{99FEABAC-4306-49F8-AB62-1626C78D9115}.Release|Any CPU.Deploy.0 = Release|Any CPU
		{99FEABAC-4306-49F8-AB62-1626C78D9115}.Release|ARM.ActiveCfg = Release|Any CPU
		{99FEABAC-4306-49F8-AB62-1626C78D9115}.Release|ARM.Build.0 = Release|Any CPU
		{99FEABAC-4306-49F8-AB62-1626C78D9115}.Release|ARM.Deploy.0 = Release|Any CPU
		{99FEABAC-4306-49F8-AB62-1626C78D9115}.Release|iPhone.ActiveCfg = Release|Any CPU
		{99FEABAC-4306-49F8-AB62-1626C78D9115}.Release|iPhone.Build.0 = Release|Any CPU
		{99FEABAC-4306-49F8-AB62-1626C78D9115}.Release|iPhone.Deploy.0 = Release|Any CPU
		{99FEABAC-4306-49F8-AB62-1626C78D9115}.Release|iPhoneSimulator.ActiveCfg = Release|Any CPU
		{99FEABAC-4306-49F8-AB62-1626C78D9115}.Release|iPhoneSimulator.Build.0 = Release|Any CPU
		{99FEABAC-4306-49F8-AB62-1626C78D9115}.Release|iPhoneSimulator.Deploy.0 = Release|Any CPU
		{99FEABAC-4306-49F8-AB62-1626C78D9115}.Release|x64.ActiveCfg = Release|Any CPU
		{99FEABAC-4306-49F8-AB62-1626C78D9115}.Release|x64.Build.0 = Release|Any CPU
		{99FEABAC-4306-49F8-AB62-1626C78D9115}.Release|x64.Deploy.0 = Release|Any CPU
		{99FEABAC-4306-49F8-AB62-1626C78D9115}.Release|x86.ActiveCfg = Release|Any CPU
		{99FEABAC-4306-49F8-AB62-1626C78D9115}.Release|x86.Build.0 = Release|Any CPU
		{99FEABAC-4306-49F8-AB62-1626C78D9115}.Release|x86.Deploy.0 = Release|Any CPU
		{F6C9F0C9-1096-44D4-83A1-CEECB74A4281}.Ad-Hoc|Any CPU.ActiveCfg = Ad-Hoc|iPhone
		{F6C9F0C9-1096-44D4-83A1-CEECB74A4281}.Ad-Hoc|ARM.ActiveCfg = Ad-Hoc|iPhone
		{F6C9F0C9-1096-44D4-83A1-CEECB74A4281}.Ad-Hoc|iPhone.ActiveCfg = Ad-Hoc|iPhone
		{F6C9F0C9-1096-44D4-83A1-CEECB74A4281}.Ad-Hoc|iPhone.Build.0 = Ad-Hoc|iPhone
		{F6C9F0C9-1096-44D4-83A1-CEECB74A4281}.Ad-Hoc|iPhoneSimulator.ActiveCfg = Ad-Hoc|iPhoneSimulator
		{F6C9F0C9-1096-44D4-83A1-CEECB74A4281}.Ad-Hoc|iPhoneSimulator.Build.0 = Ad-Hoc|iPhoneSimulator
		{F6C9F0C9-1096-44D4-83A1-CEECB74A4281}.Ad-Hoc|x64.ActiveCfg = Ad-Hoc|iPhone
		{F6C9F0C9-1096-44D4-83A1-CEECB74A4281}.Ad-Hoc|x86.ActiveCfg = Ad-Hoc|iPhone
		{F6C9F0C9-1096-44D4-83A1-CEECB74A4281}.AppStore|Any CPU.ActiveCfg = AppStore|iPhone
		{F6C9F0C9-1096-44D4-83A1-CEECB74A4281}.AppStore|ARM.ActiveCfg = AppStore|iPhone
		{F6C9F0C9-1096-44D4-83A1-CEECB74A4281}.AppStore|iPhone.ActiveCfg = AppStore|iPhone
		{F6C9F0C9-1096-44D4-83A1-CEECB74A4281}.AppStore|iPhone.Build.0 = AppStore|iPhone
		{F6C9F0C9-1096-44D4-83A1-CEECB74A4281}.AppStore|iPhoneSimulator.ActiveCfg = AppStore|iPhoneSimulator
		{F6C9F0C9-1096-44D4-83A1-CEECB74A4281}.AppStore|iPhoneSimulator.Build.0 = AppStore|iPhoneSimulator
		{F6C9F0C9-1096-44D4-83A1-CEECB74A4281}.AppStore|x64.ActiveCfg = AppStore|iPhone
		{F6C9F0C9-1096-44D4-83A1-CEECB74A4281}.AppStore|x86.ActiveCfg = AppStore|iPhone
		{F6C9F0C9-1096-44D4-83A1-CEECB74A4281}.Debug|Any CPU.ActiveCfg = Debug|iPhone
		{F6C9F0C9-1096-44D4-83A1-CEECB74A4281}.Debug|ARM.ActiveCfg = Debug|iPhone
		{F6C9F0C9-1096-44D4-83A1-CEECB74A4281}.Debug|iPhone.ActiveCfg = Debug|iPhone
		{F6C9F0C9-1096-44D4-83A1-CEECB74A4281}.Debug|iPhone.Build.0 = Debug|iPhone
		{F6C9F0C9-1096-44D4-83A1-CEECB74A4281}.Debug|iPhoneSimulator.ActiveCfg = Debug|iPhoneSimulator
		{F6C9F0C9-1096-44D4-83A1-CEECB74A4281}.Debug|iPhoneSimulator.Build.0 = Debug|iPhoneSimulator
		{F6C9F0C9-1096-44D4-83A1-CEECB74A4281}.Debug|x64.ActiveCfg = Debug|iPhone
		{F6C9F0C9-1096-44D4-83A1-CEECB74A4281}.Debug|x86.ActiveCfg = Debug|iPhone
		{F6C9F0C9-1096-44D4-83A1-CEECB74A4281}.Release|Any CPU.ActiveCfg = Release|iPhone
		{F6C9F0C9-1096-44D4-83A1-CEECB74A4281}.Release|ARM.ActiveCfg = Release|iPhone
		{F6C9F0C9-1096-44D4-83A1-CEECB74A4281}.Release|iPhone.ActiveCfg = Release|iPhone
		{F6C9F0C9-1096-44D4-83A1-CEECB74A4281}.Release|iPhone.Build.0 = Release|iPhone
		{F6C9F0C9-1096-44D4-83A1-CEECB74A4281}.Release|iPhoneSimulator.ActiveCfg = Release|iPhoneSimulator
		{F6C9F0C9-1096-44D4-83A1-CEECB74A4281}.Release|iPhoneSimulator.Build.0 = Release|iPhoneSimulator
		{F6C9F0C9-1096-44D4-83A1-CEECB74A4281}.Release|x64.ActiveCfg = Release|iPhone
		{F6C9F0C9-1096-44D4-83A1-CEECB74A4281}.Release|x86.ActiveCfg = Release|iPhone
		{F23A099C-1362-47F7-AD05-90D0C2ECB1A4}.Ad-Hoc|Any CPU.ActiveCfg = Release|x86
		{F23A099C-1362-47F7-AD05-90D0C2ECB1A4}.Ad-Hoc|Any CPU.Build.0 = Release|x86
		{F23A099C-1362-47F7-AD05-90D0C2ECB1A4}.Ad-Hoc|Any CPU.Deploy.0 = Release|x86
		{F23A099C-1362-47F7-AD05-90D0C2ECB1A4}.Ad-Hoc|ARM.ActiveCfg = Release|ARM
		{F23A099C-1362-47F7-AD05-90D0C2ECB1A4}.Ad-Hoc|ARM.Build.0 = Release|ARM
		{F23A099C-1362-47F7-AD05-90D0C2ECB1A4}.Ad-Hoc|ARM.Deploy.0 = Release|ARM
		{F23A099C-1362-47F7-AD05-90D0C2ECB1A4}.Ad-Hoc|iPhone.ActiveCfg = Release|x86
		{F23A099C-1362-47F7-AD05-90D0C2ECB1A4}.Ad-Hoc|iPhone.Build.0 = Release|x86
		{F23A099C-1362-47F7-AD05-90D0C2ECB1A4}.Ad-Hoc|iPhone.Deploy.0 = Release|x86
		{F23A099C-1362-47F7-AD05-90D0C2ECB1A4}.Ad-Hoc|iPhoneSimulator.ActiveCfg = Release|x86
		{F23A099C-1362-47F7-AD05-90D0C2ECB1A4}.Ad-Hoc|iPhoneSimulator.Build.0 = Release|x86
		{F23A099C-1362-47F7-AD05-90D0C2ECB1A4}.Ad-Hoc|iPhoneSimulator.Deploy.0 = Release|x86
		{F23A099C-1362-47F7-AD05-90D0C2ECB1A4}.Ad-Hoc|x64.ActiveCfg = Release|x64
		{F23A099C-1362-47F7-AD05-90D0C2ECB1A4}.Ad-Hoc|x64.Build.0 = Release|x64
		{F23A099C-1362-47F7-AD05-90D0C2ECB1A4}.Ad-Hoc|x64.Deploy.0 = Release|x64
		{F23A099C-1362-47F7-AD05-90D0C2ECB1A4}.Ad-Hoc|x86.ActiveCfg = Release|x86
		{F23A099C-1362-47F7-AD05-90D0C2ECB1A4}.Ad-Hoc|x86.Build.0 = Release|x86
		{F23A099C-1362-47F7-AD05-90D0C2ECB1A4}.Ad-Hoc|x86.Deploy.0 = Release|x86
		{F23A099C-1362-47F7-AD05-90D0C2ECB1A4}.AppStore|Any CPU.ActiveCfg = Release|x86
		{F23A099C-1362-47F7-AD05-90D0C2ECB1A4}.AppStore|Any CPU.Build.0 = Release|x86
		{F23A099C-1362-47F7-AD05-90D0C2ECB1A4}.AppStore|Any CPU.Deploy.0 = Release|x86
		{F23A099C-1362-47F7-AD05-90D0C2ECB1A4}.AppStore|ARM.ActiveCfg = Release|ARM
		{F23A099C-1362-47F7-AD05-90D0C2ECB1A4}.AppStore|ARM.Build.0 = Release|ARM
		{F23A099C-1362-47F7-AD05-90D0C2ECB1A4}.AppStore|ARM.Deploy.0 = Release|ARM
		{F23A099C-1362-47F7-AD05-90D0C2ECB1A4}.AppStore|iPhone.ActiveCfg = Release|x86
		{F23A099C-1362-47F7-AD05-90D0C2ECB1A4}.AppStore|iPhone.Build.0 = Release|x86
		{F23A099C-1362-47F7-AD05-90D0C2ECB1A4}.AppStore|iPhone.Deploy.0 = Release|x86
		{F23A099C-1362-47F7-AD05-90D0C2ECB1A4}.AppStore|iPhoneSimulator.ActiveCfg = Release|x86
		{F23A099C-1362-47F7-AD05-90D0C2ECB1A4}.AppStore|iPhoneSimulator.Build.0 = Release|x86
		{F23A099C-1362-47F7-AD05-90D0C2ECB1A4}.AppStore|iPhoneSimulator.Deploy.0 = Release|x86
		{F23A099C-1362-47F7-AD05-90D0C2ECB1A4}.AppStore|x64.ActiveCfg = Release|x64
		{F23A099C-1362-47F7-AD05-90D0C2ECB1A4}.AppStore|x64.Build.0 = Release|x64
		{F23A099C-1362-47F7-AD05-90D0C2ECB1A4}.AppStore|x64.Deploy.0 = Release|x64
		{F23A099C-1362-47F7-AD05-90D0C2ECB1A4}.AppStore|x86.ActiveCfg = Release|x86
		{F23A099C-1362-47F7-AD05-90D0C2ECB1A4}.AppStore|x86.Build.0 = Release|x86
		{F23A099C-1362-47F7-AD05-90D0C2ECB1A4}.AppStore|x86.Deploy.0 = Release|x86
		{F23A099C-1362-47F7-AD05-90D0C2ECB1A4}.Debug|Any CPU.ActiveCfg = Debug|x86
		{F23A099C-1362-47F7-AD05-90D0C2ECB1A4}.Debug|ARM.ActiveCfg = Debug|ARM
		{F23A099C-1362-47F7-AD05-90D0C2ECB1A4}.Debug|ARM.Build.0 = Debug|ARM
		{F23A099C-1362-47F7-AD05-90D0C2ECB1A4}.Debug|ARM.Deploy.0 = Debug|ARM
		{F23A099C-1362-47F7-AD05-90D0C2ECB1A4}.Debug|iPhone.ActiveCfg = Debug|x86
		{F23A099C-1362-47F7-AD05-90D0C2ECB1A4}.Debug|iPhoneSimulator.ActiveCfg = Debug|x86
		{F23A099C-1362-47F7-AD05-90D0C2ECB1A4}.Debug|x64.ActiveCfg = Debug|x64
		{F23A099C-1362-47F7-AD05-90D0C2ECB1A4}.Debug|x64.Build.0 = Debug|x64
		{F23A099C-1362-47F7-AD05-90D0C2ECB1A4}.Debug|x64.Deploy.0 = Debug|x64
		{F23A099C-1362-47F7-AD05-90D0C2ECB1A4}.Debug|x86.ActiveCfg = Debug|x86
		{F23A099C-1362-47F7-AD05-90D0C2ECB1A4}.Debug|x86.Build.0 = Debug|x86
		{F23A099C-1362-47F7-AD05-90D0C2ECB1A4}.Debug|x86.Deploy.0 = Debug|x86
		{F23A099C-1362-47F7-AD05-90D0C2ECB1A4}.Release|Any CPU.ActiveCfg = Release|x86
		{F23A099C-1362-47F7-AD05-90D0C2ECB1A4}.Release|ARM.ActiveCfg = Release|ARM
		{F23A099C-1362-47F7-AD05-90D0C2ECB1A4}.Release|ARM.Build.0 = Release|ARM
		{F23A099C-1362-47F7-AD05-90D0C2ECB1A4}.Release|ARM.Deploy.0 = Release|ARM
		{F23A099C-1362-47F7-AD05-90D0C2ECB1A4}.Release|iPhone.ActiveCfg = Release|x86
		{F23A099C-1362-47F7-AD05-90D0C2ECB1A4}.Release|iPhoneSimulator.ActiveCfg = Release|x86
		{F23A099C-1362-47F7-AD05-90D0C2ECB1A4}.Release|x64.ActiveCfg = Release|x64
		{F23A099C-1362-47F7-AD05-90D0C2ECB1A4}.Release|x64.Build.0 = Release|x64
		{F23A099C-1362-47F7-AD05-90D0C2ECB1A4}.Release|x64.Deploy.0 = Release|x64
		{F23A099C-1362-47F7-AD05-90D0C2ECB1A4}.Release|x86.ActiveCfg = Release|x86
		{F23A099C-1362-47F7-AD05-90D0C2ECB1A4}.Release|x86.Build.0 = Release|x86
		{F23A099C-1362-47F7-AD05-90D0C2ECB1A4}.Release|x86.Deploy.0 = Release|x86
	EndGlobalSection
	GlobalSection(SolutionProperties) = preSolution
		HideSolutionNode = FALSE
	EndGlobalSection
EndGlobal
