
Microsoft Visual Studio Solution File, Format Version 12.00
# Visual Studio 15
VisualStudioVersion = 15.0.26430.16
MinimumVisualStudioVersion = 10.0.40219.1
Project("{D954291E-2A0B-460D-934E-DC6B0785DB48}") = "RSR", "RSR\RSR\RSR.shproj", "{48762012-D834-4A5C-8FBF-AD0EF517AA35}"
EndProject
Project("{FAE04EC0-301F-11D3-BF4B-00C04F79EFBC}") = "RSR.Android", "RSR\RSR.Android\RSR.Android.csproj", "{52879847-BE35-4E6B-9EB7-931A12AFC1BC}"
EndProject
Project("{FAE04EC0-301F-11D3-BF4B-00C04F79EFBC}") = "RSR.iOS", "RSR\RSR.iOS\RSR.iOS.csproj", "{ADCF0BB5-1A7A-4B7D-B870-DD75022C8DCB}"
EndProject
Global
	GlobalSection(SharedMSBuildProjectFiles) = preSolution
		RSR\RSR\RSR.projitems*{48762012-d834-4a5c-8fbf-ad0ef517aa35}*SharedItemsImports = 13
		RSR\RSR\RSR.projitems*{52879847-be35-4e6b-9eb7-931a12afc1bc}*SharedItemsImports = 4
		RSR\RSR\RSR.projitems*{adcf0bb5-1a7a-4b7d-b870-dd75022c8dcb}*SharedItemsImports = 4
	EndGlobalSection
	GlobalSection(SolutionConfigurationPlatforms) = preSolution
		Ad-Hoc|Any CPU = Ad-Hoc|Any CPU
		Ad-Hoc|iPhone = Ad-Hoc|iPhone
		Ad-Hoc|iPhoneSimulator = Ad-Hoc|iPhoneSimulator
		AppStore|Any CPU = AppStore|Any CPU
		AppStore|iPhone = AppStore|iPhone
		AppStore|iPhoneSimulator = AppStore|iPhoneSimulator
		Debug|Any CPU = Debug|Any CPU
		Debug|iPhone = Debug|iPhone
		Debug|iPhoneSimulator = Debug|iPhoneSimulator
		Release|Any CPU = Release|Any CPU
		Release|iPhone = Release|iPhone
		Release|iPhoneSimulator = Release|iPhoneSimulator
	EndGlobalSection
	GlobalSection(ProjectConfigurationPlatforms) = postSolution
		{52879847-BE35-4E6B-9EB7-931A12AFC1BC}.Ad-Hoc|Any CPU.ActiveCfg = Release|Any CPU
		{52879847-BE35-4E6B-9EB7-931A12AFC1BC}.Ad-Hoc|Any CPU.Build.0 = Release|Any CPU
		{52879847-BE35-4E6B-9EB7-931A12AFC1BC}.Ad-Hoc|Any CPU.Deploy.0 = Release|Any CPU
		{52879847-BE35-4E6B-9EB7-931A12AFC1BC}.Ad-Hoc|iPhone.ActiveCfg = Release|Any CPU
		{52879847-BE35-4E6B-9EB7-931A12AFC1BC}.Ad-Hoc|iPhone.Build.0 = Release|Any CPU
		{52879847-BE35-4E6B-9EB7-931A12AFC1BC}.Ad-Hoc|iPhone.Deploy.0 = Release|Any CPU
		{52879847-BE35-4E6B-9EB7-931A12AFC1BC}.Ad-Hoc|iPhoneSimulator.ActiveCfg = Release|Any CPU
		{52879847-BE35-4E6B-9EB7-931A12AFC1BC}.Ad-Hoc|iPhoneSimulator.Build.0 = Release|Any CPU
		{52879847-BE35-4E6B-9EB7-931A12AFC1BC}.Ad-Hoc|iPhoneSimulator.Deploy.0 = Release|Any CPU
		{52879847-BE35-4E6B-9EB7-931A12AFC1BC}.AppStore|Any CPU.ActiveCfg = Release|Any CPU
		{52879847-BE35-4E6B-9EB7-931A12AFC1BC}.AppStore|Any CPU.Build.0 = Release|Any CPU
		{52879847-BE35-4E6B-9EB7-931A12AFC1BC}.AppStore|Any CPU.Deploy.0 = Release|Any CPU
		{52879847-BE35-4E6B-9EB7-931A12AFC1BC}.AppStore|iPhone.ActiveCfg = Release|Any CPU
		{52879847-BE35-4E6B-9EB7-931A12AFC1BC}.AppStore|iPhone.Build.0 = Release|Any CPU
		{52879847-BE35-4E6B-9EB7-931A12AFC1BC}.AppStore|iPhone.Deploy.0 = Release|Any CPU
		{52879847-BE35-4E6B-9EB7-931A12AFC1BC}.AppStore|iPhoneSimulator.ActiveCfg = Release|Any CPU
		{52879847-BE35-4E6B-9EB7-931A12AFC1BC}.AppStore|iPhoneSimulator.Build.0 = Release|Any CPU
		{52879847-BE35-4E6B-9EB7-931A12AFC1BC}.AppStore|iPhoneSimulator.Deploy.0 = Release|Any CPU
		{52879847-BE35-4E6B-9EB7-931A12AFC1BC}.Debug|Any CPU.ActiveCfg = Debug|Any CPU
		{52879847-BE35-4E6B-9EB7-931A12AFC1BC}.Debug|Any CPU.Build.0 = Debug|Any CPU
		{52879847-BE35-4E6B-9EB7-931A12AFC1BC}.Debug|Any CPU.Deploy.0 = Debug|Any CPU
		{52879847-BE35-4E6B-9EB7-931A12AFC1BC}.Debug|iPhone.ActiveCfg = Debug|Any CPU
		{52879847-BE35-4E6B-9EB7-931A12AFC1BC}.Debug|iPhone.Build.0 = Debug|Any CPU
		{52879847-BE35-4E6B-9EB7-931A12AFC1BC}.Debug|iPhone.Deploy.0 = Debug|Any CPU
		{52879847-BE35-4E6B-9EB7-931A12AFC1BC}.Debug|iPhoneSimulator.ActiveCfg = Debug|Any CPU
		{52879847-BE35-4E6B-9EB7-931A12AFC1BC}.Debug|iPhoneSimulator.Build.0 = Debug|Any CPU
		{52879847-BE35-4E6B-9EB7-931A12AFC1BC}.Debug|iPhoneSimulator.Deploy.0 = Debug|Any CPU
		{52879847-BE35-4E6B-9EB7-931A12AFC1BC}.Release|Any CPU.ActiveCfg = Release|Any CPU
		{52879847-BE35-4E6B-9EB7-931A12AFC1BC}.Release|Any CPU.Build.0 = Release|Any CPU
		{52879847-BE35-4E6B-9EB7-931A12AFC1BC}.Release|Any CPU.Deploy.0 = Release|Any CPU
		{52879847-BE35-4E6B-9EB7-931A12AFC1BC}.Release|iPhone.ActiveCfg = Release|Any CPU
		{52879847-BE35-4E6B-9EB7-931A12AFC1BC}.Release|iPhone.Build.0 = Release|Any CPU
		{52879847-BE35-4E6B-9EB7-931A12AFC1BC}.Release|iPhone.Deploy.0 = Release|Any CPU
		{52879847-BE35-4E6B-9EB7-931A12AFC1BC}.Release|iPhoneSimulator.ActiveCfg = Release|Any CPU
		{52879847-BE35-4E6B-9EB7-931A12AFC1BC}.Release|iPhoneSimulator.Build.0 = Release|Any CPU
		{52879847-BE35-4E6B-9EB7-931A12AFC1BC}.Release|iPhoneSimulator.Deploy.0 = Release|Any CPU
		{ADCF0BB5-1A7A-4B7D-B870-DD75022C8DCB}.Ad-Hoc|Any CPU.ActiveCfg = Ad-Hoc|iPhone
		{ADCF0BB5-1A7A-4B7D-B870-DD75022C8DCB}.Ad-Hoc|iPhone.ActiveCfg = Ad-Hoc|iPhone
		{ADCF0BB5-1A7A-4B7D-B870-DD75022C8DCB}.Ad-Hoc|iPhone.Build.0 = Ad-Hoc|iPhone
		{ADCF0BB5-1A7A-4B7D-B870-DD75022C8DCB}.Ad-Hoc|iPhoneSimulator.ActiveCfg = Ad-Hoc|iPhoneSimulator
		{ADCF0BB5-1A7A-4B7D-B870-DD75022C8DCB}.Ad-Hoc|iPhoneSimulator.Build.0 = Ad-Hoc|iPhoneSimulator
		{ADCF0BB5-1A7A-4B7D-B870-DD75022C8DCB}.AppStore|Any CPU.ActiveCfg = AppStore|iPhone
		{ADCF0BB5-1A7A-4B7D-B870-DD75022C8DCB}.AppStore|iPhone.ActiveCfg = AppStore|iPhone
		{ADCF0BB5-1A7A-4B7D-B870-DD75022C8DCB}.AppStore|iPhone.Build.0 = AppStore|iPhone
		{ADCF0BB5-1A7A-4B7D-B870-DD75022C8DCB}.AppStore|iPhoneSimulator.ActiveCfg = AppStore|iPhoneSimulator
		{ADCF0BB5-1A7A-4B7D-B870-DD75022C8DCB}.AppStore|iPhoneSimulator.Build.0 = AppStore|iPhoneSimulator
		{ADCF0BB5-1A7A-4B7D-B870-DD75022C8DCB}.Debug|Any CPU.ActiveCfg = Debug|iPhone
		{ADCF0BB5-1A7A-4B7D-B870-DD75022C8DCB}.Debug|iPhone.ActiveCfg = Debug|iPhone
		{ADCF0BB5-1A7A-4B7D-B870-DD75022C8DCB}.Debug|iPhone.Build.0 = Debug|iPhone
		{ADCF0BB5-1A7A-4B7D-B870-DD75022C8DCB}.Debug|iPhoneSimulator.ActiveCfg = Debug|iPhoneSimulator
		{ADCF0BB5-1A7A-4B7D-B870-DD75022C8DCB}.Debug|iPhoneSimulator.Build.0 = Debug|iPhoneSimulator
		{ADCF0BB5-1A7A-4B7D-B870-DD75022C8DCB}.Release|Any CPU.ActiveCfg = Release|iPhone
		{ADCF0BB5-1A7A-4B7D-B870-DD75022C8DCB}.Release|iPhone.ActiveCfg = Release|iPhone
		{ADCF0BB5-1A7A-4B7D-B870-DD75022C8DCB}.Release|iPhone.Build.0 = Release|iPhone
		{ADCF0BB5-1A7A-4B7D-B870-DD75022C8DCB}.Release|iPhoneSimulator.ActiveCfg = Release|iPhoneSimulator
		{ADCF0BB5-1A7A-4B7D-B870-DD75022C8DCB}.Release|iPhoneSimulator.Build.0 = Release|iPhoneSimulator
	EndGlobalSection
	GlobalSection(SolutionProperties) = preSolution
		HideSolutionNode = FALSE
	EndGlobalSection
EndGlobal
